
Microsoft Visual Studio Solution File, Format Version 12.00
# Visual Studio 15
VisualStudioVersion = 15.0.28010.2003
MinimumVisualStudioVersion = 10.0.40219.1
Project("{FAE04EC0-301F-11D3-BF4B-00C04F79EFBC}") = "DemoEmpleadosParaTesting", "DemoEmpleadosParaTesting\DemoEmpleadosParaTesting.csproj", "{2AD475CD-31C7-4705-90BE-EF2BE0FA88ED}"
EndProject
Project("{FAE04EC0-301F-11D3-BF4B-00C04F79EFBC}") = "DemoEmpleadosParaTesting.unittest", "DemoEmpleadosParaTesting.unittest\DemoEmpleadosParaTesting.unittest.csproj", "{1431ABDC-FF5F-47D4-956C-2358C651C7CC}"
EndProject
Global
	GlobalSection(SolutionConfigurationPlatforms) = preSolution
		Debug|Any CPU = Debug|Any CPU
		Release|Any CPU = Release|Any CPU
	EndGlobalSection
	GlobalSection(ProjectConfigurationPlatforms) = postSolution
		{2AD475CD-31C7-4705-90BE-EF2BE0FA88ED}.Debug|Any CPU.ActiveCfg = Debug|Any CPU
		{2AD475CD-31C7-4705-90BE-EF2BE0FA88ED}.Debug|Any CPU.Build.0 = Debug|Any CPU
		{2AD475CD-31C7-4705-90BE-EF2BE0FA88ED}.Release|Any CPU.ActiveCfg = Release|Any CPU
		{2AD475CD-31C7-4705-90BE-EF2BE0FA88ED}.Release|Any CPU.Build.0 = Release|Any CPU
		{1431ABDC-FF5F-47D4-956C-2358C651C7CC}.Debug|Any CPU.ActiveCfg = Debug|Any CPU
		{1431ABDC-FF5F-47D4-956C-2358C651C7CC}.Debug|Any CPU.Build.0 = Debug|Any CPU
		{1431ABDC-FF5F-47D4-956C-2358C651C7CC}.Release|Any CPU.ActiveCfg = Release|Any CPU
		{1431ABDC-FF5F-47D4-956C-2358C651C7CC}.Release|Any CPU.Build.0 = Release|Any CPU
	EndGlobalSection
	GlobalSection(SolutionProperties) = preSolution
		HideSolutionNode = FALSE
	EndGlobalSection
	GlobalSection(ExtensibilityGlobals) = postSolution
		SolutionGuid = {C4611822-E564-4220-8BB6-705933B77A9C}
	EndGlobalSection
EndGlobal
